// !$*UTF8*$!
{
	archiveVersion = 1;
	classes = {
	};
	objectVersion = 50;
	objects = {

/* Begin PBXBuildFile section */
		45A3B3B321539829001DDCF5 /* AppDelegate.m in Sources */ = {isa = PBXBuildFile; fileRef = 45A3B3B221539829001DDCF5 /* AppDelegate.m */; };
		45A3B3B621539829001DDCF5 /* ViewController.m in Sources */ = {isa = PBXBuildFile; fileRef = 45A3B3B521539829001DDCF5 /* ViewController.m */; };
		45A3B3B921539829001DDCF5 /* Main.storyboard in Resources */ = {isa = PBXBuildFile; fileRef = 45A3B3B721539829001DDCF5 /* Main.storyboard */; };
		45A3B3BB21539829001DDCF5 /* Assets.xcassets in Resources */ = {isa = PBXBuildFile; fileRef = 45A3B3BA21539829001DDCF5 /* Assets.xcassets */; };
		45A3B3BE21539829001DDCF5 /* LaunchScreen.storyboard in Resources */ = {isa = PBXBuildFile; fileRef = 45A3B3BC21539829001DDCF5 /* LaunchScreen.storyboard */; };
		45A3B3C121539829001DDCF5 /* main.m in Sources */ = {isa = PBXBuildFile; fileRef = 45A3B3C021539829001DDCF5 /* main.m */; };
		45A3B3CB2153982A001DDCF5 /* VoIPPushTests.m in Sources */ = {isa = PBXBuildFile; fileRef = 45A3B3CA2153982A001DDCF5 /* VoIPPushTests.m */; };
		45A3B3D62153982A001DDCF5 /* VoIPPushUITests.m in Sources */ = {isa = PBXBuildFile; fileRef = 45A3B3D52153982A001DDCF5 /* VoIPPushUITests.m */; };
		45A3B3EA2153A323001DDCF5 /* 3333.wav in Resources */ = {isa = PBXBuildFile; fileRef = 45A3B3E92153A323001DDCF5 /* 3333.wav */; };
/* End PBXBuildFile section */

/* Begin PBXContainerItemProxy section */
		45A3B3C72153982A001DDCF5 /* PBXContainerItemProxy */ = {
			isa = PBXContainerItemProxy;
			containerPortal = 45A3B3A621539829001DDCF5 /* Project object */;
			proxyType = 1;
			remoteGlobalIDString = 45A3B3AD21539829001DDCF5;
			remoteInfo = VoIPPush;
		};
		45A3B3D22153982A001DDCF5 /* PBXContainerItemProxy */ = {
			isa = PBXContainerItemProxy;
			containerPortal = 45A3B3A621539829001DDCF5 /* Project object */;
			proxyType = 1;
			remoteGlobalIDString = 45A3B3AD21539829001DDCF5;
			remoteInfo = VoIPPush;
		};
/* End PBXContainerItemProxy section */

/* Begin PBXFileReference section */
		45A3B3AE21539829001DDCF5 /* VoIPPush.app */ = {isa = PBXFileReference; explicitFileType = wrapper.application; includeInIndex = 0; path = VoIPPush.app; sourceTree = BUILT_PRODUCTS_DIR; };
		45A3B3B121539829001DDCF5 /* AppDelegate.h */ = {isa = PBXFileReference; lastKnownFileType = sourcecode.c.h; path = AppDelegate.h; sourceTree = "<group>"; };
		45A3B3B221539829001DDCF5 /* AppDelegate.m */ = {isa = PBXFileReference; lastKnownFileType = sourcecode.c.objc; path = AppDelegate.m; sourceTree = "<group>"; };
		45A3B3B421539829001DDCF5 /* ViewController.h */ = {isa = PBXFileReference; lastKnownFileType = sourcecode.c.h; path = ViewController.h; sourceTree = "<group>"; };
		45A3B3B521539829001DDCF5 /* ViewController.m */ = {isa = PBXFileReference; lastKnownFileType = sourcecode.c.objc; path = ViewController.m; sourceTree = "<group>"; };
		45A3B3B821539829001DDCF5 /* Base */ = {isa = PBXFileReference; lastKnownFileType = file.storyboard; name = Base; path = Base.lproj/Main.storyboard; sourceTree = "<group>"; };
		45A3B3BA21539829001DDCF5 /* Assets.xcassets */ = {isa = PBXFileReference; lastKnownFileType = folder.assetcatalog; path = Assets.xcassets; sourceTree = "<group>"; };
		45A3B3BD21539829001DDCF5 /* Base */ = {isa = PBXFileReference; lastKnownFileType = file.storyboard; name = Base; path = Base.lproj/LaunchScreen.storyboard; sourceTree = "<group>"; };
		45A3B3BF21539829001DDCF5 /* Info.plist */ = {isa = PBXFileReference; lastKnownFileType = text.plist.xml; path = Info.plist; sourceTree = "<group>"; };
		45A3B3C021539829001DDCF5 /* main.m */ = {isa = PBXFileReference; lastKnownFileType = sourcecode.c.objc; path = main.m; sourceTree = "<group>"; };
		45A3B3C62153982A001DDCF5 /* VoIPPushTests.xctest */ = {isa = PBXFileReference; explicitFileType = wrapper.cfbundle; includeInIndex = 0; path = VoIPPushTests.xctest; sourceTree = BUILT_PRODUCTS_DIR; };
		45A3B3CA2153982A001DDCF5 /* VoIPPushTests.m */ = {isa = PBXFileReference; lastKnownFileType = sourcecode.c.objc; path = VoIPPushTests.m; sourceTree = "<group>"; };
		45A3B3CC2153982A001DDCF5 /* Info.plist */ = {isa = PBXFileReference; lastKnownFileType = text.plist.xml; path = Info.plist; sourceTree = "<group>"; };
		45A3B3D12153982A001DDCF5 /* VoIPPushUITests.xctest */ = {isa = PBXFileReference; explicitFileType = wrapper.cfbundle; includeInIndex = 0; path = VoIPPushUITests.xctest; sourceTree = BUILT_PRODUCTS_DIR; };
		45A3B3D52153982A001DDCF5 /* VoIPPushUITests.m */ = {isa = PBXFileReference; lastKnownFileType = sourcecode.c.objc; path = VoIPPushUITests.m; sourceTree = "<group>"; };
		45A3B3D72153982A001DDCF5 /* Info.plist */ = {isa = PBXFileReference; lastKnownFileType = text.plist.xml; path = Info.plist; sourceTree = "<group>"; };
		45A3B3E92153A323001DDCF5 /* 3333.wav */ = {isa = PBXFileReference; lastKnownFileType = audio.wav; path = 3333.wav; sourceTree = "<group>"; };
/* End PBXFileReference section */

/* Begin PBXFrameworksBuildPhase section */
		45A3B3AB21539829001DDCF5 /* Frameworks */ = {
			isa = PBXFrameworksBuildPhase;
			buildActionMask = 2147483647;
			files = (
			);
			runOnlyForDeploymentPostprocessing = 0;
		};
		45A3B3C32153982A001DDCF5 /* Frameworks */ = {
			isa = PBXFrameworksBuildPhase;
			buildActionMask = 2147483647;
			files = (
			);
			runOnlyForDeploymentPostprocessing = 0;
		};
		45A3B3CE2153982A001DDCF5 /* Frameworks */ = {
			isa = PBXFrameworksBuildPhase;
			buildActionMask = 2147483647;
			files = (
			);
			runOnlyForDeploymentPostprocessing = 0;
		};
/* End PBXFrameworksBuildPhase section */

/* Begin PBXGroup section */
		45A3B3A521539829001DDCF5 = {
			isa = PBXGroup;
			children = (
				45A3B3B021539829001DDCF5 /* VoIPPush */,
				45A3B3C92153982A001DDCF5 /* VoIPPushTests */,
				45A3B3D42153982A001DDCF5 /* VoIPPushUITests */,
				45A3B3AF21539829001DDCF5 /* Products */,
			);
			sourceTree = "<group>";
		};
		45A3B3AF21539829001DDCF5 /* Products */ = {
			isa = PBXGroup;
			children = (
				45A3B3AE21539829001DDCF5 /* VoIPPush.app */,
				45A3B3C62153982A001DDCF5 /* VoIPPushTests.xctest */,
				45A3B3D12153982A001DDCF5 /* VoIPPushUITests.xctest */,
			);
			name = Products;
			sourceTree = "<group>";
		};
		45A3B3B021539829001DDCF5 /* VoIPPush */ = {
			isa = PBXGroup;
			children = (
				45A3B3B121539829001DDCF5 /* AppDelegate.h */,
				45A3B3B221539829001DDCF5 /* AppDelegate.m */,
				45A3B3B421539829001DDCF5 /* ViewController.h */,
				45A3B3B521539829001DDCF5 /* ViewController.m */,
				45A3B3B721539829001DDCF5 /* Main.storyboard */,
				45A3B3BA21539829001DDCF5 /* Assets.xcassets */,
				45A3B3E92153A323001DDCF5 /* 3333.wav */,
				45A3B3BC21539829001DDCF5 /* LaunchScreen.storyboard */,
				45A3B3BF21539829001DDCF5 /* Info.plist */,
				45A3B3C021539829001DDCF5 /* main.m */,
			);
			path = VoIPPush;
			sourceTree = "<group>";
		};
		45A3B3C92153982A001DDCF5 /* VoIPPushTests */ = {
			isa = PBXGroup;
			children = (
				45A3B3CA2153982A001DDCF5 /* VoIPPushTests.m */,
				45A3B3CC2153982A001DDCF5 /* Info.plist */,
			);
			path = VoIPPushTests;
			sourceTree = "<group>";
		};
		45A3B3D42153982A001DDCF5 /* VoIPPushUITests */ = {
			isa = PBXGroup;
			children = (
				45A3B3D52153982A001DDCF5 /* VoIPPushUITests.m */,
				45A3B3D72153982A001DDCF5 /* Info.plist */,
			);
			path = VoIPPushUITests;
			sourceTree = "<group>";
		};
/* End PBXGroup section */

/* Begin PBXNativeTarget section */
		45A3B3AD21539829001DDCF5 /* VoIPPush */ = {
			isa = PBXNativeTarget;
			buildConfigurationList = 45A3B3DA2153982A001DDCF5 /* Build configuration list for PBXNativeTarget "VoIPPush" */;
			buildPhases = (
				45A3B3AA21539829001DDCF5 /* Sources */,
				45A3B3AB21539829001DDCF5 /* Frameworks */,
				45A3B3AC21539829001DDCF5 /* Resources */,
			);
			buildRules = (
			);
			dependencies = (
			);
			name = VoIPPush;
			productName = VoIPPush;
			productReference = 45A3B3AE21539829001DDCF5 /* VoIPPush.app */;
			productType = "com.apple.product-type.application";
		};
		45A3B3C52153982A001DDCF5 /* VoIPPushTests */ = {
			isa = PBXNativeTarget;
			buildConfigurationList = 45A3B3DD2153982A001DDCF5 /* Build configuration list for PBXNativeTarget "VoIPPushTests" */;
			buildPhases = (
				45A3B3C22153982A001DDCF5 /* Sources */,
				45A3B3C32153982A001DDCF5 /* Frameworks */,
				45A3B3C42153982A001DDCF5 /* Resources */,
			);
			buildRules = (
			);
			dependencies = (
				45A3B3C82153982A001DDCF5 /* PBXTargetDependency */,
			);
			name = VoIPPushTests;
			productName = VoIPPushTests;
			productReference = 45A3B3C62153982A001DDCF5 /* VoIPPushTests.xctest */;
			productType = "com.apple.product-type.bundle.unit-test";
		};
		45A3B3D02153982A001DDCF5 /* VoIPPushUITests */ = {
			isa = PBXNativeTarget;
			buildConfigurationList = 45A3B3E02153982A001DDCF5 /* Build configuration list for PBXNativeTarget "VoIPPushUITests" */;
			buildPhases = (
				45A3B3CD2153982A001DDCF5 /* Sources */,
				45A3B3CE2153982A001DDCF5 /* Frameworks */,
				45A3B3CF2153982A001DDCF5 /* Resources */,
			);
			buildRules = (
			);
			dependencies = (
				45A3B3D32153982A001DDCF5 /* PBXTargetDependency */,
			);
			name = VoIPPushUITests;
			productName = VoIPPushUITests;
			productReference = 45A3B3D12153982A001DDCF5 /* VoIPPushUITests.xctest */;
			productType = "com.apple.product-type.bundle.ui-testing";
		};
/* End PBXNativeTarget section */

/* Begin PBXProject section */
		45A3B3A621539829001DDCF5 /* Project object */ = {
			isa = PBXProject;
			attributes = {
				LastUpgradeCheck = 1000;
				ORGANIZATIONNAME = HS;
				TargetAttributes = {
					45A3B3AD21539829001DDCF5 = {
						CreatedOnToolsVersion = 10.0;
					};
					45A3B3C52153982A001DDCF5 = {
						CreatedOnToolsVersion = 10.0;
						TestTargetID = 45A3B3AD21539829001DDCF5;
					};
					45A3B3D02153982A001DDCF5 = {
						CreatedOnToolsVersion = 10.0;
						TestTargetID = 45A3B3AD21539829001DDCF5;
					};
				};
			};
			buildConfigurationList = 45A3B3A921539829001DDCF5 /* Build configuration list for PBXProject "VoIPPush" */;
			compatibilityVersion = "Xcode 9.3";
			developmentRegion = en;
			hasScannedForEncodings = 0;
			knownRegions = (
				en,
				Base,
			);
			mainGroup = 45A3B3A521539829001DDCF5;
			productRefGroup = 45A3B3AF21539829001DDCF5 /* Products */;
			projectDirPath = "";
			projectRoot = "";
			targets = (
				45A3B3AD21539829001DDCF5 /* VoIPPush */,
				45A3B3C52153982A001DDCF5 /* VoIPPushTests */,
				45A3B3D02153982A001DDCF5 /* VoIPPushUITests */,
			);
		};
/* End PBXProject section */

/* Begin PBXResourcesBuildPhase section */
		45A3B3AC21539829001DDCF5 /* Resources */ = {
			isa = PBXResourcesBuildPhase;
			buildActionMask = 2147483647;
			files = (
				45A3B3EA2153A323001DDCF5 /* 3333.wav in Resources */,
				45A3B3BE21539829001DDCF5 /* LaunchScreen.storyboard in Resources */,
				45A3B3BB21539829001DDCF5 /* Assets.xcassets in Resources */,
				45A3B3B921539829001DDCF5 /* Main.storyboard in Resources */,
			);
			runOnlyForDeploymentPostprocessing = 0;
		};
		45A3B3C42153982A001DDCF5 /* Resources */ = {
			isa = PBXResourcesBuildPhase;
			buildActionMask = 2147483647;
			files = (
			);
			runOnlyForDeploymentPostprocessing = 0;
		};
		45A3B3CF2153982A001DDCF5 /* Resources */ = {
			isa = PBXResourcesBuildPhase;
			buildActionMask = 2147483647;
			files = (
			);
			runOnlyForDeploymentPostprocessing = 0;
		};
/* End PBXResourcesBuildPhase section */

/* Begin PBXSourcesBuildPhase section */
		45A3B3AA21539829001DDCF5 /* Sources */ = {
			isa = PBXSourcesBuildPhase;
			buildActionMask = 2147483647;
			files = (
				45A3B3B621539829001DDCF5 /* ViewController.m in Sources */,
				45A3B3C121539829001DDCF5 /* main.m in Sources */,
				45A3B3B321539829001DDCF5 /* AppDelegate.m in Sources */,
			);
			runOnlyForDeploymentPostprocessing = 0;
		};
		45A3B3C22153982A001DDCF5 /* Sources */ = {
			isa = PBXSourcesBuildPhase;
			buildActionMask = 2147483647;
			files = (
				45A3B3CB2153982A001DDCF5 /* VoIPPushTests.m in Sources */,
			);
			runOnlyForDeploymentPostprocessing = 0;
		};
		45A3B3CD2153982A001DDCF5 /* Sources */ = {
			isa = PBXSourcesBuildPhase;
			buildActionMask = 2147483647;
			files = (
				45A3B3D62153982A001DDCF5 /* VoIPPushUITests.m in Sources */,
			);
			runOnlyForDeploymentPostprocessing = 0;
		};
/* End PBXSourcesBuildPhase section */

/* Begin PBXTargetDependency section */
		45A3B3C82153982A001DDCF5 /* PBXTargetDependency */ = {
			isa = PBXTargetDependency;
			target = 45A3B3AD21539829001DDCF5 /* VoIPPush */;
			targetProxy = 45A3B3C72153982A001DDCF5 /* PBXContainerItemProxy */;
		};
		45A3B3D32153982A001DDCF5 /* PBXTargetDependency */ = {
			isa = PBXTargetDependency;
			target = 45A3B3AD21539829001DDCF5 /* VoIPPush */;
			targetProxy = 45A3B3D22153982A001DDCF5 /* PBXContainerItemProxy */;
		};
/* End PBXTargetDependency section */

/* Begin PBXVariantGroup section */
		45A3B3B721539829001DDCF5 /* Main.storyboard */ = {
			isa = PBXVariantGroup;
			children = (
				45A3B3B821539829001DDCF5 /* Base */,
			);
			name = Main.storyboard;
			sourceTree = "<group>";
		};
		45A3B3BC21539829001DDCF5 /* LaunchScreen.storyboard */ = {
			isa = PBXVariantGroup;
			children = (
				45A3B3BD21539829001DDCF5 /* Base */,
			);
			name = LaunchScreen.storyboard;
			sourceTree = "<group>";
		};
/* End PBXVariantGroup section */

/* Begin XCBuildConfiguration section */
		45A3B3D82153982A001DDCF5 /* Debug */ = {
			isa = XCBuildConfiguration;
			buildSettings = {
				ALWAYS_SEARCH_USER_PATHS = NO;
				CLANG_ANALYZER_NONNULL = YES;
				CLANG_ANALYZER_NUMBER_OBJECT_CONVERSION = YES_AGGRESSIVE;
				CLANG_CXX_LANGUAGE_STANDARD = "gnu++14";
				CLANG_CXX_LIBRARY = "libc++";
				CLANG_ENABLE_MODULES = YES;
				CLANG_ENABLE_OBJC_ARC = YES;
				CLANG_ENABLE_OBJC_WEAK = YES;
				CLANG_WARN_BLOCK_CAPTURE_AUTORELEASING = YES;
				CLANG_WARN_BOOL_CONVERSION = YES;
				CLANG_WARN_COMMA = YES;
				CLANG_WARN_CONSTANT_CONVERSION = YES;
				CLANG_WARN_DEPRECATED_OBJC_IMPLEMENTATIONS = YES;
				CLANG_WARN_DIRECT_OBJC_ISA_USAGE = YES_ERROR;
				CLANG_WARN_DOCUMENTATION_COMMENTS = YES;
				CLANG_WARN_EMPTY_BODY = YES;
				CLANG_WARN_ENUM_CONVERSION = YES;
				CLANG_WARN_INFINITE_RECURSION = YES;
				CLANG_WARN_INT_CONVERSION = YES;
				CLANG_WARN_NON_LITERAL_NULL_CONVERSION = YES;
				CLANG_WARN_OBJC_IMPLICIT_RETAIN_SELF = YES;
				CLANG_WARN_OBJC_LITERAL_CONVERSION = YES;
				CLANG_WARN_OBJC_ROOT_CLASS = YES_ERROR;
				CLANG_WARN_RANGE_LOOP_ANALYSIS = YES;
				CLANG_WARN_STRICT_PROTOTYPES = YES;
				CLANG_WARN_SUSPICIOUS_MOVE = YES;
				CLANG_WARN_UNGUARDED_AVAILABILITY = YES_AGGRESSIVE;
				CLANG_WARN_UNREACHABLE_CODE = YES;
				CLANG_WARN__DUPLICATE_METHOD_MATCH = YES;
				CODE_SIGN_IDENTITY = "iPhone Developer";
				COPY_PHASE_STRIP = NO;
				DEBUG_INFORMATION_FORMAT = dwarf;
				ENABLE_STRICT_OBJC_MSGSEND = YES;
				ENABLE_TESTABILITY = YES;
				GCC_C_LANGUAGE_STANDARD = gnu11;
				GCC_DYNAMIC_NO_PIC = NO;
				GCC_NO_COMMON_BLOCKS = YES;
				GCC_OPTIMIZATION_LEVEL = 0;
				GCC_PREPROCESSOR_DEFINITIONS = (
					"DEBUG=1",
					"$(inherited)",
				);
				GCC_WARN_64_TO_32_BIT_CONVERSION = YES;
				GCC_WARN_ABOUT_RETURN_TYPE = YES_ERROR;
				GCC_WARN_UNDECLARED_SELECTOR = YES;
				GCC_WARN_UNINITIALIZED_AUTOS = YES_AGGRESSIVE;
				GCC_WARN_UNUSED_FUNCTION = YES;
				GCC_WARN_UNUSED_VARIABLE = YES;
				IPHONEOS_DEPLOYMENT_TARGET = 12.0;
				MTL_ENABLE_DEBUG_INFO = INCLUDE_SOURCE;
				MTL_FAST_MATH = YES;
				ONLY_ACTIVE_ARCH = YES;
				SDKROOT = iphoneos;
			};
			name = Debug;
		};
		45A3B3D92153982A001DDCF5 /* Release */ = {
			isa = XCBuildConfiguration;
			buildSettings = {
				ALWAYS_SEARCH_USER_PATHS = NO;
				CLANG_ANALYZER_NONNULL = YES;
				CLANG_ANALYZER_NUMBER_OBJECT_CONVERSION = YES_AGGRESSIVE;
				CLANG_CXX_LANGUAGE_STANDARD = "gnu++14";
				CLANG_CXX_LIBRARY = "libc++";
				CLANG_ENABLE_MODULES = YES;
				CLANG_ENABLE_OBJC_ARC = YES;
				CLANG_ENABLE_OBJC_WEAK = YES;
				CLANG_WARN_BLOCK_CAPTURE_AUTORELEASING = YES;
				CLANG_WARN_BOOL_CONVERSION = YES;
				CLANG_WARN_COMMA = YES;
				CLANG_WARN_CONSTANT_CONVERSION = YES;
				CLANG_WARN_DEPRECATED_OBJC_IMPLEMENTATIONS = YES;
				CLANG_WARN_DIRECT_OBJC_ISA_USAGE = YES_ERROR;
				CLANG_WARN_DOCUMENTATION_COMMENTS = YES;
				CLANG_WARN_EMPTY_BODY = YES;
				CLANG_WARN_ENUM_CONVERSION = YES;
				CLANG_WARN_INFINITE_RECURSION = YES;
				CLANG_WARN_INT_CONVERSION = YES;
				CLANG_WARN_NON_LITERAL_NULL_CONVERSION = YES;
				CLANG_WARN_OBJC_IMPLICIT_RETAIN_SELF = YES;
				CLANG_WARN_OBJC_LITERAL_CONVERSION = YES;
				CLANG_WARN_OBJC_ROOT_CLASS = YES_ERROR;
				CLANG_WARN_RANGE_LOOP_ANALYSIS = YES;
				CLANG_WARN_STRICT_PROTOTYPES = YES;
				CLANG_WARN_SUSPICIOUS_MOVE = YES;
				CLANG_WARN_UNGUARDED_AVAILABILITY = YES_AGGRESSIVE;
				CLANG_WARN_UNREACHABLE_CODE = YES;
				CLANG_WARN__DUPLICATE_METHOD_MATCH = YES;
				CODE_SIGN_IDENTITY = "iPhone Developer";
				COPY_PHASE_STRIP = NO;
				DEBUG_INFORMATION_FORMAT = "dwarf-with-dsym";
				ENABLE_NS_ASSERTIONS = NO;
				ENABLE_STRICT_OBJC_MSGSEND = YES;
				GCC_C_LANGUAGE_STANDARD = gnu11;
				GCC_NO_COMMON_BLOCKS = YES;
				GCC_WARN_64_TO_32_BIT_CONVERSION = YES;
				GCC_WARN_ABOUT_RETURN_TYPE = YES_ERROR;
				GCC_WARN_UNDECLARED_SELECTOR = YES;
				GCC_WARN_UNINITIALIZED_AUTOS = YES_AGGRESSIVE;
				GCC_WARN_UNUSED_FUNCTION = YES;
				GCC_WARN_UNUSED_VARIABLE = YES;
				IPHONEOS_DEPLOYMENT_TARGET = 12.0;
				MTL_ENABLE_DEBUG_INFO = NO;
				MTL_FAST_MATH = YES;
				SDKROOT = iphoneos;
				VALIDATE_PRODUCT = YES;
			};
			name = Release;
		};
		45A3B3DB2153982A001DDCF5 /* Debug */ = {
			isa = XCBuildConfiguration;
			buildSettings = {
				ASSETCATALOG_COMPILER_APPICON_NAME = AppIcon;
				CODE_SIGN_STYLE = Automatic;
				DEVELOPMENT_TEAM = 3A475SDHSX;
				INFOPLIST_FILE = VoIPPush/Info.plist;
				IPHONEOS_DEPLOYMENT_TARGET = 9.0;
				LD_RUNPATH_SEARCH_PATHS = (
					"$(inherited)",
					"@executable_path/Frameworks",
				);
				PRODUCT_BUNDLE_IDENTIFIER = com.ios.iOSKiss;
				PRODUCT_NAME = "$(TARGET_NAME)";
				TARGETED_DEVICE_FAMILY = 1;
			};
			name = Debug;
		};
		45A3B3DC2153982A001DDCF5 /* Release */ = {
			isa = XCBuildConfiguration;
			buildSettings = {
				ASSETCATALOG_COMPILER_APPICON_NAME = AppIcon;
				CODE_SIGN_STYLE = Automatic;
				DEVELOPMENT_TEAM = 3A475SDHSX;
				INFOPLIST_FILE = VoIPPush/Info.plist;
				IPHONEOS_DEPLOYMENT_TARGET = 9.0;
				LD_RUNPATH_SEARCH_PATHS = (
					"$(inherited)",
					"@executable_path/Frameworks",
				);
				PRODUCT_BUNDLE_IDENTIFIER = com.ios.iOSKiss;
				PRODUCT_NAME = "$(TARGET_NAME)";
				TARGETED_DEVICE_FAMILY = 1;
			};
			name = Release;
		};
		45A3B3DE2153982A001DDCF5 /* Debug */ = {
			isa = XCBuildConfiguration;
			buildSettings = {
				BUNDLE_LOADER = "$(TEST_HOST)";
				CODE_SIGN_STYLE = Automatic;
				INFOPLIST_FILE = VoIPPushTests/Info.plist;
				LD_RUNPATH_SEARCH_PATHS = (
					"$(inherited)",
					"@executable_path/Frameworks",
					"@loader_path/Frameworks",
				);
				PRODUCT_BUNDLE_IDENTIFIER = HS.VoIPPushTests;
				PRODUCT_NAME = "$(TARGET_NAME)";
				TARGETED_DEVICE_FAMILY = "1,2";
				TEST_HOST = "$(BUILT_PRODUCTS_DIR)/VoIPPush.app/VoIPPush";
			};
			name = Debug;
		};
		45A3B3DF2153982A001DDCF5 /* Release */ = {
			isa = XCBuildConfiguration;
			buildSettings = {
				BUNDLE_LOADER = "$(TEST_HOST)";
				CODE_SIGN_STYLE = Automatic;
				INFOPLIST_FILE = VoIPPushTests/Info.plist;
				LD_RUNPATH_SEARCH_PATHS = (
					"$(inherited)",
					"@executable_path/Frameworks",
					"@loader_path/Frameworks",
				);
				PRODUCT_BUNDLE_IDENTIFIER = HS.VoIPPushTests;
				PRODUCT_NAME = "$(TARGET_NAME)";
				TARGETED_DEVICE_FAMILY = "1,2";
				TEST_HOST = "$(BUILT_PRODUCTS_DIR)/VoIPPush.app/VoIPPush";
			};
			name = Release;
		};
		45A3B3E12153982A001DDCF5 /* Debug */ = {
			isa = XCBuildConfiguration;
			buildSettings = {
				CODE_SIGN_STYLE = Automatic;
				INFOPLIST_FILE = VoIPPushUITests/Info.plist;
				LD_RUNPATH_SEARCH_PATHS = (
					"$(inherited)",
					"@executable_path/Frameworks",
					"@loader_path/Frameworks",
				);
				PRODUCT_BUNDLE_IDENTIFIER = HS.VoIPPushUITests;
				PRODUCT_NAME = "$(TARGET_NAME)";
				TARGETED_DEVICE_FAMILY = "1,2";
				TEST_TARGET_NAME = VoIPPush;
			};
			name = Debug;
		};
		45A3B3E22153982A001DDCF5 /* Release */ = {
			isa = XCBuildConfiguration;
			buildSettings = {
				CODE_SIGN_STYLE = Automatic;
				INFOPLIST_FILE = VoIPPushUITests/Info.plist;
				LD_RUNPATH_SEARCH_PATHS = (
					"$(inherited)",
					"@executable_path/Frameworks",
					"@loader_path/Frameworks",
				);
				PRODUCT_BUNDLE_IDENTIFIER = HS.VoIPPushUITests;
				PRODUCT_NAME = "$(TARGET_NAME)";
				TARGETED_DEVICE_FAMILY = "1,2";
				TEST_TARGET_NAME = VoIPPush;
			};
			name = Release;
		};
/* End XCBuildConfiguration section */

/* Begin XCConfigurationList section */
		45A3B3A921539829001DDCF5 /* Build configuration list for PBXProject "VoIPPush" */ = {
			isa = XCConfigurationList;
			buildConfigurations = (
				45A3B3D82153982A001DDCF5 /* Debug */,
				45A3B3D92153982A001DDCF5 /* Release */,
			);
			defaultConfigurationIsVisible = 0;
			defaultConfigurationName = Release;
		};
		45A3B3DA2153982A001DDCF5 /* Build configuration list for PBXNativeTarget "VoIPPush" */ = {
			isa = XCConfigurationList;
			buildConfigurations = (
				45A3B3DB2153982A001DDCF5 /* Debug */,
				45A3B3DC2153982A001DDCF5 /* Release */,
			);
			defaultConfigurationIsVisible = 0;
			defaultConfigurationName = Release;
		};
		45A3B3DD2153982A001DDCF5 /* Build configuration list for PBXNativeTarget "VoIPPushTests" */ = {
			isa = XCConfigurationList;
			buildConfigurations = (
				45A3B3DE2153982A001DDCF5 /* Debug */,
				45A3B3DF2153982A001DDCF5 /* Release */,
			);
			defaultConfigurationIsVisible = 0;
			defaultConfigurationName = Release;
		};
		45A3B3E02153982A001DDCF5 /* Build configuration list for PBXNativeTarget "VoIPPushUITests" */ = {
			isa = XCConfigurationList;
			buildConfigurations = (
				45A3B3E12153982A001DDCF5 /* Debug */,
				45A3B3E22153982A001DDCF5 /* Release */,
			);
			defaultConfigurationIsVisible = 0;
			defaultConfigurationName = Release;
		};
/* End XCConfigurationList section */
	};
	rootObject = 45A3B3A621539829001DDCF5 /* Project object */;
}
